{
  "name": "xray",
  "version": "0.0.1",
  "lockfileVersion": 1,
  "requires": true,
  "dependencies": {
    "napi": {
      "version": "file:../napi",
      "requires": {
        "minimist": "1.2.0"
      },
      "dependencies": {
        "minimist": {
          "version": "1.2.0",
          "bundled": true
        }
      }
    }
  }
}
